
Microsoft Visual Studio Solution File, Format Version 12.00
# Visual Studio Version 17
VisualStudioVersion = 17.7.34031.279
MinimumVisualStudioVersion = 10.0.40219.1
Project("{9A19103F-16F7-4668-BE54-9A1E7A4F7556}") = "SNGG.Services", "SNGG.Services\SNGG.Services.csproj", "{139A16F1-53CC-4D0E-BB8C-3EE882B7A1E5}"
EndProject
Project("{9A19103F-16F7-4668-BE54-9A1E7A4F7556}") = "SNGG.Services.Tests", "SNGG.Services.Tests\SNGG.Services.Tests.csproj", "{DC2EEDC6-E331-4F82-B266-783F867B8FA6}"
EndProject
Project("{9A19103F-16F7-4668-BE54-9A1E7A4F7556}") = "SNGG.Web.Tests", "SNGG.Web.Tests\SNGG.Web.Tests.csproj", "{FAEA7776-BA31-4296-B4F9-CE2C2E98736F}"
EndProject
Project("{9A19103F-16F7-4668-BE54-9A1E7A4F7556}") = "SNGG.Web", "SNGG.Web\SNGG.Web.csproj", "{2E0595F4-5265-49E4-BE90-6FAA498F39BF}"
EndProject
Project("{9A19103F-16F7-4668-BE54-9A1E7A4F7556}") = "SNGG.DataAccess", "SNGG.DataAccess\SNGG.DataAccess.csproj", "{2DEA69B7-FC46-4BE0-80F3-F01042190BA4}"
EndProject
Project("{9A19103F-16F7-4668-BE54-9A1E7A4F7556}") = "SNGG.Models", "SNGG.Models\SNGG.Models.csproj", "{B3F6DBC4-6345-403A-9550-6113D7DF39E9}"
EndProject
Global
	GlobalSection(SolutionConfigurationPlatforms) = preSolution
		Debug|Any CPU = Debug|Any CPU
		Release|Any CPU = Release|Any CPU
	EndGlobalSection
	GlobalSection(ProjectConfigurationPlatforms) = postSolution
		{139A16F1-53CC-4D0E-BB8C-3EE882B7A1E5}.Debug|Any CPU.ActiveCfg = Debug|Any CPU
		{139A16F1-53CC-4D0E-BB8C-3EE882B7A1E5}.Debug|Any CPU.Build.0 = Debug|Any CPU
		{139A16F1-53CC-4D0E-BB8C-3EE882B7A1E5}.Release|Any CPU.ActiveCfg = Release|Any CPU
		{139A16F1-53CC-4D0E-BB8C-3EE882B7A1E5}.Release|Any CPU.Build.0 = Release|Any CPU
		{DC2EEDC6-E331-4F82-B266-783F867B8FA6}.Debug|Any CPU.ActiveCfg = Debug|Any CPU
		{DC2EEDC6-E331-4F82-B266-783F867B8FA6}.Debug|Any CPU.Build.0 = Debug|Any CPU
		{DC2EEDC6-E331-4F82-B266-783F867B8FA6}.Release|Any CPU.ActiveCfg = Release|Any CPU
		{DC2EEDC6-E331-4F82-B266-783F867B8FA6}.Release|Any CPU.Build.0 = Release|Any CPU
		{FAEA7776-BA31-4296-B4F9-CE2C2E98736F}.Debug|Any CPU.ActiveCfg = Debug|Any CPU
		{FAEA7776-BA31-4296-B4F9-CE2C2E98736F}.Debug|Any CPU.Build.0 = Debug|Any CPU
		{FAEA7776-BA31-4296-B4F9-CE2C2E98736F}.Release|Any CPU.ActiveCfg = Release|Any CPU
		{FAEA7776-BA31-4296-B4F9-CE2C2E98736F}.Release|Any CPU.Build.0 = Release|Any CPU
		{2E0595F4-5265-49E4-BE90-6FAA498F39BF}.Debug|Any CPU.ActiveCfg = Debug|Any CPU
		{2E0595F4-5265-49E4-BE90-6FAA498F39BF}.Debug|Any CPU.Build.0 = Debug|Any CPU
		{2E0595F4-5265-49E4-BE90-6FAA498F39BF}.Release|Any CPU.ActiveCfg = Release|Any CPU
		{2E0595F4-5265-49E4-BE90-6FAA498F39BF}.Release|Any CPU.Build.0 = Release|Any CPU
		{2DEA69B7-FC46-4BE0-80F3-F01042190BA4}.Debug|Any CPU.ActiveCfg = Debug|Any CPU
		{2DEA69B7-FC46-4BE0-80F3-F01042190BA4}.Debug|Any CPU.Build.0 = Debug|Any CPU
		{2DEA69B7-FC46-4BE0-80F3-F01042190BA4}.Release|Any CPU.ActiveCfg = Release|Any CPU
		{2DEA69B7-FC46-4BE0-80F3-F01042190BA4}.Release|Any CPU.Build.0 = Release|Any CPU
		{B3F6DBC4-6345-403A-9550-6113D7DF39E9}.Debug|Any CPU.ActiveCfg = Debug|Any CPU
		{B3F6DBC4-6345-403A-9550-6113D7DF39E9}.Debug|Any CPU.Build.0 = Debug|Any CPU
		{B3F6DBC4-6345-403A-9550-6113D7DF39E9}.Release|Any CPU.ActiveCfg = Release|Any CPU
		{B3F6DBC4-6345-403A-9550-6113D7DF39E9}.Release|Any CPU.Build.0 = Release|Any CPU
	EndGlobalSection
	GlobalSection(SolutionProperties) = preSolution
		HideSolutionNode = FALSE
	EndGlobalSection
	GlobalSection(ExtensibilityGlobals) = postSolution
		SolutionGuid = {D3D0F085-EF70-4927-BE1D-DB04AAA72B16}
	EndGlobalSection
EndGlobal
